
Microsoft Visual Studio Solution File, Format Version 12.00
# Visual Studio Version 17
VisualStudioVersion = 17.5.002.0
MinimumVisualStudioVersion = 10.0.40219.1
Project("{9A19103F-16F7-4668-BE54-9A1E7A4F7556}") = "FoodAPI", "FoodAPI.csproj", "{FB01C54C-21B6-414B-9BE3-57C3987C7A1D}"
EndProject
Global
	GlobalSection(SolutionConfigurationPlatforms) = preSolution
		Debug|Any CPU = Debug|Any CPU
		Release|Any CPU = Release|Any CPU
	EndGlobalSection
	GlobalSection(ProjectConfigurationPlatforms) = postSolution
		{FB01C54C-21B6-414B-9BE3-57C3987C7A1D}.Debug|Any CPU.ActiveCfg = Debug|Any CPU
		{FB01C54C-21B6-414B-9BE3-57C3987C7A1D}.Debug|Any CPU.Build.0 = Debug|Any CPU
		{FB01C54C-21B6-414B-9BE3-57C3987C7A1D}.Release|Any CPU.ActiveCfg = Release|Any CPU
		{FB01C54C-21B6-414B-9BE3-57C3987C7A1D}.Release|Any CPU.Build.0 = Release|Any CPU
	EndGlobalSection
	GlobalSection(SolutionProperties) = preSolution
		HideSolutionNode = FALSE
	EndGlobalSection
	GlobalSection(ExtensibilityGlobals) = postSolution
		SolutionGuid = {2B460BEF-3D9D-4503-8506-D18DADF0C863}
	EndGlobalSection
EndGlobal
